Microsoft Visual Studio Solution File, Format Version 12.00
# Visual Studio 2012
Project("{FAE04EC0-301F-11D3-BF4B-00C04F79EFBC}") = "Procedual Generation", "Procedual Generation.csproj", "{EDCE6E66-7099-4B23-A4C3-968537E986B4}"
EndProject
Global
	GlobalSection(SolutionConfigurationPlatforms) = preSolution
	Debug|Any CPU = Debug|Any CPU
	ExportDebug|Any CPU = ExportDebug|Any CPU
	ExportRelease|Any CPU = ExportRelease|Any CPU
	EndGlobalSection
	GlobalSection(ProjectConfigurationPlatforms) = postSolution
		{EDCE6E66-7099-4B23-A4C3-968537E986B4}.Debug|Any CPU.ActiveCfg = Debug|Any CPU
		{EDCE6E66-7099-4B23-A4C3-968537E986B4}.Debug|Any CPU.Build.0 = Debug|Any CPU
		{EDCE6E66-7099-4B23-A4C3-968537E986B4}.ExportDebug|Any CPU.ActiveCfg = ExportDebug|Any CPU
		{EDCE6E66-7099-4B23-A4C3-968537E986B4}.ExportDebug|Any CPU.Build.0 = ExportDebug|Any CPU
		{EDCE6E66-7099-4B23-A4C3-968537E986B4}.ExportRelease|Any CPU.ActiveCfg = ExportRelease|Any CPU
		{EDCE6E66-7099-4B23-A4C3-968537E986B4}.ExportRelease|Any CPU.Build.0 = ExportRelease|Any CPU
	EndGlobalSection
EndGlobal
